
Microsoft Visual Studio Solution File, Format Version 12.00
# Visual Studio Version 16
VisualStudioVersion = 16.0.31129.286
MinimumVisualStudioVersion = 10.0.40219.1
Project("{FAE04EC0-301F-11D3-BF4B-00C04F79EFBC}") = "XamarinAuth.Android", "XamarinAuth.Android\XamarinAuth.Android.csproj", "{8B526ACE-5BB6-463D-9E0C-3D9E01563DCE}"
EndProject
Project("{9A19103F-16F7-4668-BE54-9A1E7A4F7556}") = "XamarinAuth", "XamarinAuth\XamarinAuth.csproj", "{DDFBBE26-E506-4A72-988B-EF2BB8EF65E7}"
EndProject
Project("{2150E333-8FDC-42A3-9474-1A3956D46DE8}") = "Solution Items", "Solution Items", "{0EED2371-8EE5-403E-AA5A-94BB46804CAB}"
	ProjectSection(SolutionItems) = preProject
		.editorconfig = .editorconfig
	EndProjectSection
EndProject
Global
	GlobalSection(SolutionConfigurationPlatforms) = preSolution
		Debug|Any CPU = Debug|Any CPU
		Release|Any CPU = Release|Any CPU
	EndGlobalSection
	GlobalSection(ProjectConfigurationPlatforms) = postSolution
		{8B526ACE-5BB6-463D-9E0C-3D9E01563DCE}.Debug|Any CPU.ActiveCfg = Debug|Any CPU
		{8B526ACE-5BB6-463D-9E0C-3D9E01563DCE}.Debug|Any CPU.Build.0 = Debug|Any CPU
		{8B526ACE-5BB6-463D-9E0C-3D9E01563DCE}.Debug|Any CPU.Deploy.0 = Debug|Any CPU
		{8B526ACE-5BB6-463D-9E0C-3D9E01563DCE}.Release|Any CPU.ActiveCfg = Release|Any CPU
		{8B526ACE-5BB6-463D-9E0C-3D9E01563DCE}.Release|Any CPU.Build.0 = Release|Any CPU
		{8B526ACE-5BB6-463D-9E0C-3D9E01563DCE}.Release|Any CPU.Deploy.0 = Release|Any CPU
		{DDFBBE26-E506-4A72-988B-EF2BB8EF65E7}.Debug|Any CPU.ActiveCfg = Debug|Any CPU
		{DDFBBE26-E506-4A72-988B-EF2BB8EF65E7}.Debug|Any CPU.Build.0 = Debug|Any CPU
		{DDFBBE26-E506-4A72-988B-EF2BB8EF65E7}.Debug|Any CPU.Deploy.0 = Debug|Any CPU
		{DDFBBE26-E506-4A72-988B-EF2BB8EF65E7}.Release|Any CPU.ActiveCfg = Release|Any CPU
		{DDFBBE26-E506-4A72-988B-EF2BB8EF65E7}.Release|Any CPU.Build.0 = Release|Any CPU
		{DDFBBE26-E506-4A72-988B-EF2BB8EF65E7}.Release|Any CPU.Deploy.0 = Release|Any CPU
	EndGlobalSection
	GlobalSection(SolutionProperties) = preSolution
		HideSolutionNode = FALSE
	EndGlobalSection
	GlobalSection(ExtensibilityGlobals) = postSolution
		SolutionGuid = {8E5D012D-C452-4CDF-BB71-432A89436DD7}
	EndGlobalSection
EndGlobal
